{
  "projects": [
    {
      "projectId": "9Vr5YWkf3w7jj6SsTcCEta",
      "version": "0.1.0",
      "dependencies": {},
      "lang": "js",
      "fileLocks": [
        {
          "assetId": "9Vr5YWkf3w7jj6SsTcCEta",
          "type": "projectCss",
          "checksum": "e1ec850476829c38b0f9b6d4f7ac446a"
        }
      ],
      "codegenVersion": "0.0.1"
    },
    {
      "projectId": "jkU633o1Cz7HrJdwdxhVHk",
      "version": "15.3.0",
      "dependencies": {},
      "lang": "js",
      "fileLocks": [
        {
          "assetId": "jkU633o1Cz7HrJdwdxhVHk",
          "type": "projectCss",
          "checksum": "0ae263a3f39b0edbe6d53f733a8b04f1"
        }
      ],
      "codegenVersion": "0.0.1"
    },
    {
      "projectId": "ohDidvG9XsCeFumugENU3J",
      "version": "4.9.0",
      "dependencies": {},
      "lang": "js",
      "fileLocks": [
        {
          "assetId": "ohDidvG9XsCeFumugENU3J",
          "type": "projectCss",
          "checksum": "fd83b730367fdbde2c69bc6cf31c2a3c"
        },
        {
          "assetId": "ohDidvG9XsCeFumugENU3J",
          "checksum": "8f45a75070e2f0edc34a4dc3d5f6b736",
          "type": "globalContexts"
        }
      ],
      "codegenVersion": "0.0.1"
    },
    {
      "projectId": "3hEa8Tzds7EYLpSCSUYJgh",
      "version": "latest",
      "dependencies": {
        "ohDidvG9XsCeFumugENU3J": "4.9.0",
        "jkU633o1Cz7HrJdwdxhVHk": "15.3.0",
        "9Vr5YWkf3w7jj6SsTcCEta": "0.1.0"
      },
      "lang": "js",
      "fileLocks": [
        {
          "type": "globalVariant",
          "assetId": "aXG5OdB8mwd",
          "checksum": "58966459dba5a92eaea4f73059f20742"
        },
        {
          "assetId": "3hEa8Tzds7EYLpSCSUYJgh",
          "type": "projectCss",
          "checksum": "65a85a311670f30ab2efa0ffc07cb3d5"
        },
        {
          "assetId": "3hEa8Tzds7EYLpSCSUYJgh",
          "checksum": "4daf5f064eba4564b628faf2146023d5",
          "type": "globalContexts"
        },
        {
          "type": "renderModule",
          "assetId": "bGWyspaInf",
          "checksum": "efb308078367a663daeff409f69981a5"
        },
        {
          "type": "cssRules",
          "assetId": "bGWyspaInf",
          "checksum": "efb308078367a663daeff409f69981a5"
        },
        {
          "type": "renderModule",
          "assetId": "ZgXOurN-L6q",
          "checksum": "e8c623c5da7f0189431f28f128a8d154"
        },
        {
          "type": "cssRules",
          "assetId": "ZgXOurN-L6q",
          "checksum": "e8c623c5da7f0189431f28f128a8d154"
        },
        {
          "type": "icon",
          "assetId": "fz8vnXJn_lC",
          "checksum": "3b65e594b9b2d1e007c5a8af006f5454"
        },
        {
          "type": "icon",
          "assetId": "7nArzzWpkWu",
          "checksum": "995f903ab0cc1a2ca9837c6e0ac4e5b9"
        }
      ],
      "codegenVersion": "0.0.1"
    }
  ],
  "cliVersion": "0.1.302"
}
